<?xml version="1.0" encoding="utf-8"?>
<Project ToolsVersion="4.0" xmlns="http://schemas.microsoft.com/developer/msbuild/2003">
  <ItemGroup>
    <ClCompile Include="ApplicationManager.cpp" />
    <ClCompile Include="main.cpp" />
    <ClCompile Include="Actions\AddCircleAction.cpp">
      <Filter>Actions</Filter>
    </ClCompile>
    <ClCompile Include="Actions\AddLineAction.cpp">
      <Filter>Actions</Filter>
    </ClCompile>
    <ClCompile Include="Actions\AddRectAction.cpp">
      <Filter>Actions</Filter>
    </ClCompile>
    <ClCompile Include="Actions\AddTriangleAction.cpp">
      <Filter>Actions</Filter>
    </ClCompile>
    <ClCompile Include="CMUgraphicsLib\auxil.cpp">
      <Filter>CMU</Filter>
    </ClCompile>
    <ClCompile Include="Figures\CCircle.cpp">
      <Filter>Figures</Filter>
    </ClCompile>
    <ClCompile Include="Figures\CFigure.cpp">
      <Filter>Figures</Filter>
    </ClCompile>
    <ClCompile Include="Actions\ChangeCurrentColors.cpp">
      <Filter>Actions</Filter>
    </ClCompile>
    <ClCompile Include="Actions\ChangeFigureColors.cpp">
      <Filter>Actions</Filter>
    </ClCompile>
    <ClCompile Include="Figures\CLine.cpp">
      <Filter>Figures</Filter>
    </ClCompile>
    <ClCompile Include="CMUgraphicsLib\CMUgraphics.cpp">
      <Filter>CMU</Filter>
    </ClCompile>
    <ClCompile Include="Actions\Copy_Figures.cpp">
      <Filter>Actions</Filter>
    </ClCompile>
    <ClCompile Include="Actions\CutAction.cpp">
      <Filter>Actions</Filter>
    </ClCompile>
    <ClCompile Include="Actions\Delete.cpp">
      <Filter>Actions</Filter>
    </ClCompile>
    <ClCompile Include="Actions\Exit.cpp">
      <Filter>Actions</Filter>
    </ClCompile>
    <ClCompile Include="Figures\CRectangle.cpp">
      <Filter>Figures</Filter>
    </ClCompile>
    <ClCompile Include="Figures\CTriangle.cpp">
      <Filter>Figures</Filter>
    </ClCompile>
    <ClCompile Include="GUI\Input.cpp">
      <Filter>GUI</Filter>
    </ClCompile>
    <ClCompile Include="Actions\Select.cpp">
      <Filter>Actions</Filter>
    </ClCompile>
    <ClCompile Include="Actions\Save.cpp">
      <Filter>Actions</Filter>
    </ClCompile>
    <ClCompile Include="Actions\PickAndHide.cpp">
      <Filter>Actions</Filter>
    </ClCompile>
    <ClCompile Include="Actions\Paste_Figures.cpp">
      <Filter>Actions</Filter>
    </ClCompile>
    <ClCompile Include="Actions\Load.cpp">
      <Filter>Actions</Filter>
    </ClCompile>
    <ClCompile Include="CMUgraphicsLib\image.cpp">
      <Filter>CMU</Filter>
    </ClCompile>
    <ClCompile Include="CMUgraphicsLib\jpeg\jcomapi.c">
      <Filter>CMU</Filter>
    </ClCompile>
    <ClCompile Include="CMUgraphicsLib\jpeg\jcparam.c">
      <Filter>CMU</Filter>
    </ClCompile>
    <ClCompile Include="CMUgraphicsLib\jpeg\jdapimin.c">
      <Filter>CMU</Filter>
    </ClCompile>
    <ClCompile Include="CMUgraphicsLib\jpeg\jdapistd.c">
      <Filter>CMU</Filter>
    </ClCompile>
    <ClCompile Include="CMUgraphicsLib\jpeg\jdatasrc.c">
      <Filter>CMU</Filter>
    </ClCompile>
    <ClCompile Include="CMUgraphicsLib\jpeg\jdcoefct.c">
      <Filter>CMU</Filter>
    </ClCompile>
    <ClCompile Include="CMUgraphicsLib\jpeg\jdcolor.c">
      <Filter>CMU</Filter>
    </ClCompile>
    <ClCompile Include="CMUgraphicsLib\jpeg\jddctmgr.c">
      <Filter>CMU</Filter>
    </ClCompile>
    <ClCompile Include="CMUgraphicsLib\jpeg\jdhuff.c">
      <Filter>CMU</Filter>
    </ClCompile>
    <ClCompile Include="CMUgraphicsLib\jpeg\jdinput.c">
      <Filter>CMU</Filter>
    </ClCompile>
    <ClCompile Include="CMUgraphicsLib\jpeg\jdmainct.c">
      <Filter>CMU</Filter>
    </ClCompile>
    <ClCompile Include="CMUgraphicsLib\jpeg\jdmarker.c">
      <Filter>CMU</Filter>
    </ClCompile>
    <ClCompile Include="CMUgraphicsLib\jpeg\jdmaster.c">
      <Filter>CMU</Filter>
    </ClCompile>
    <ClCompile Include="CMUgraphicsLib\jpeg\jdmerge.c">
      <Filter>CMU</Filter>
    </ClCompile>
    <ClCompile Include="CMUgraphicsLib\jpeg\jdphuff.c">
      <Filter>CMU</Filter>
    </ClCompile>
    <ClCompile Include="CMUgraphicsLib\jpeg\jdpostct.c">
      <Filter>CMU</Filter>
    </ClCompile>
    <ClCompile Include="CMUgraphicsLib\jpeg\jdsample.c">
      <Filter>CMU</Filter>
    </ClCompile>
    <ClCompile Include="CMUgraphicsLib\jpeg\jdtrans.c">
      <Filter>CMU</Filter>
    </ClCompile>
    <ClCompile Include="CMUgraphicsLib\jpeg\jerror.c">
      <Filter>CMU</Filter>
    </ClCompile>
    <ClCompile Include="CMUgraphicsLib\jpeg\jidctflt.c">
      <Filter>CMU</Filter>
    </ClCompile>
    <ClCompile Include="CMUgraphicsLib\jpeg\jidctfst.c">
      <Filter>CMU</Filter>
    </ClCompile>
    <ClCompile Include="CMUgraphicsLib\jpeg\jidctint.c">
      <Filter>CMU</Filter>
    </ClCompile>
    <ClCompile Include="CMUgraphicsLib\jpeg\jidctred.c">
      <Filter>CMU</Filter>
    </ClCompile>
    <ClCompile Include="CMUgraphicsLib\jpeg\jmemmgr.c">
      <Filter>CMU</Filter>
    </ClCompile>
    <ClCompile Include="CMUgraphicsLib\jpeg\jmemnobs.c">
      <Filter>CMU</Filter>
    </ClCompile>
    <ClCompile Include="CMUgraphicsLib\jpegload.c">
      <Filter>CMU</Filter>
    </ClCompile>
    <ClCompile Include="CMUgraphicsLib\jpeg\jquant1.c">
      <Filter>CMU</Filter>
    </ClCompile>
    <ClCompile Include="CMUgraphicsLib\jpeg\jquant2.c">
      <Filter>CMU</Filter>
    </ClCompile>
    <ClCompile Include="CMUgraphicsLib\jpeg\jutils.c">
      <Filter>CMU</Filter>
    </ClCompile>
    <ClCompile Include="CMUgraphicsLib\keyqueue.cpp">
      <Filter>CMU</Filter>
    </ClCompile>
    <ClCompile Include="CMUgraphicsLib\mousequeue.cpp">
      <Filter>CMU</Filter>
    </ClCompile>
    <ClCompile Include="CMUgraphicsLib\windowinput.cpp">
      <Filter>CMU</Filter>
    </ClCompile>
    <ClCompile Include="GUI\Output.cpp">
      <Filter>GUI</Filter>
    </ClCompile>
  </ItemGroup>
  <ItemGroup>
    <ClInclude Include="ApplicationManager.h" />
    <ClInclude Include="Actions\Action.h">
      <Filter>Actions</Filter>
    </ClInclude>
    <ClInclude Include="Actions\AddCircleAction.h">
      <Filter>Actions</Filter>
    </ClInclude>
    <ClInclude Include="Actions\AddLineAction.h">
      <Filter>Actions</Filter>
    </ClInclude>
    <ClInclude Include="Actions\AddRectAction.h">
      <Filter>Actions</Filter>
    </ClInclude>
    <ClInclude Include="Actions\AddTriangleAction.h">
      <Filter>Actions</Filter>
    </ClInclude>
    <ClInclude Include="CMUgraphicsLib\auxil.h">
      <Filter>CMU</Filter>
    </ClInclude>
    <ClInclude Include="Figures\CCircle.h">
      <Filter>Figures</Filter>
    </ClInclude>
    <ClInclude Include="Figures\CFigure.h">
      <Filter>Figures</Filter>
    </ClInclude>
    <ClInclude Include="Actions\ChangeCurrentColors.h">
      <Filter>Actions</Filter>
    </ClInclude>
    <ClInclude Include="Actions\ChangeFigureColors.h">
      <Filter>Actions</Filter>
    </ClInclude>
    <ClInclude Include="Figures\CLine.h">
      <Filter>Figures</Filter>
    </ClInclude>
    <ClInclude Include="CMUgraphicsLib\CMUgraphics.h">
      <Filter>CMU</Filter>
    </ClInclude>
    <ClInclude Include="Actions\Copy_Figures.h">
      <Filter>Actions</Filter>
    </ClInclude>
    <ClInclude Include="Actions\CutAction.h">
      <Filter>Actions</Filter>
    </ClInclude>
    <ClInclude Include="Actions\Delete.h">
      <Filter>Actions</Filter>
    </ClInclude>
    <ClInclude Include="Actions\Exit.h">
      <Filter>Actions</Filter>
    </ClInclude>
    <ClInclude Include="Figures\CRectangle.h">
      <Filter>Figures</Filter>
    </ClInclude>
    <ClInclude Include="Figures\CTriangle.h">
      <Filter>Figures</Filter>
    </ClInclude>
    <ClInclude Include="GUI\Input.h">
      <Filter>GUI</Filter>
    </ClInclude>
    <ClInclude Include="Actions\Select.h">
      <Filter>Actions</Filter>
    </ClInclude>
    <ClInclude Include="Actions\Save.h">
      <Filter>Actions</Filter>
    </ClInclude>
    <ClInclude Include="Actions\PickAndHide.h">
      <Filter>Actions</Filter>
    </ClInclude>
    <ClInclude Include="Actions\Paste_Figures.h">
      <Filter>Actions</Filter>
    </ClInclude>
    <ClInclude Include="Actions\Load.h">
      <Filter>Actions</Filter>
    </ClInclude>
    <ClInclude Include="CMUgraphicsLib\colors.h">
      <Filter>CMU</Filter>
    </ClInclude>
    <ClInclude Include="DEFS.h">
      <Filter>CMU</Filter>
    </ClInclude>
    <ClInclude Include="CMUgraphicsLib\error.h">
      <Filter>CMU</Filter>
    </ClInclude>
    <ClInclude Include="CMUgraphicsLib\image.h">
      <Filter>CMU</Filter>
    </ClInclude>
    <ClInclude Include="CMUgraphicsLib\jpeg\jconfig.h">
      <Filter>CMU</Filter>
    </ClInclude>
    <ClInclude Include="CMUgraphicsLib\jpeg\jdct.h">
      <Filter>CMU</Filter>
    </ClInclude>
    <ClInclude Include="CMUgraphicsLib\jpeg\jdhuff.h">
      <Filter>CMU</Filter>
    </ClInclude>
    <ClInclude Include="CMUgraphicsLib\jpeg\jerror.h">
      <Filter>CMU</Filter>
    </ClInclude>
    <ClInclude Include="CMUgraphicsLib\jpeg\jinclude.h">
      <Filter>CMU</Filter>
    </ClInclude>
    <ClInclude Include="CMUgraphicsLib\jpeg\jmemsys.h">
      <Filter>CMU</Filter>
    </ClInclude>
    <ClInclude Include="CMUgraphicsLib\jpeg\jmorecfg.h">
      <Filter>CMU</Filter>
    </ClInclude>
    <ClInclude Include="CMUgraphicsLib\jpeg\jpegint.h">
      <Filter>CMU</Filter>
    </ClInclude>
    <ClInclude Include="CMUgraphicsLib\jpeg\jpeglib.h">
      <Filter>CMU</Filter>
    </ClInclude>
    <ClInclude Include="CMUgraphicsLib\jpegload.h">
      <Filter>CMU</Filter>
    </ClInclude>
    <ClInclude Include="CMUgraphicsLib\jpeg\jversion.h">
      <Filter>CMU</Filter>
    </ClInclude>
    <ClInclude Include="CMUgraphicsLib\keyqueue.h">
      <Filter>CMU</Filter>
    </ClInclude>
    <ClInclude Include="CMUgraphicsLib\mousequeue.h">
      <Filter>CMU</Filter>
    </ClInclude>
    <ClInclude Include="CMUgraphicsLib\windowinput.h">
      <Filter>CMU</Filter>
    </ClInclude>
    <ClInclude Include="CMUgraphicsLib\version.h">
      <Filter>CMU</Filter>
    </ClInclude>
    <ClInclude Include="GUI\UI_Info.h">
      <Filter>GUI</Filter>
    </ClInclude>
    <ClInclude Include="GUI\Output.h">
      <Filter>GUI</Filter>
    </ClInclude>
  </ItemGroup>
  <ItemGroup>
    <None Include="ClassDiagram.cd" />
  </ItemGroup>
  <ItemGroup>
    <Filter Include="CMU">
      <UniqueIdentifier>{f4e97390-01b9-4caf-a8e9-3f1430b42f35}</UniqueIdentifier>
    </Filter>
    <Filter Include="Actions">
      <UniqueIdentifier>{c547bfe9-82a7-48ee-834e-7ef7e422a7b3}</UniqueIdentifier>
    </Filter>
    <Filter Include="GUI">
      <UniqueIdentifier>{a12ddd58-30ce-42b4-806d-062eb69ccf4f}</UniqueIdentifier>
    </Filter>
    <Filter Include="Figures">
      <UniqueIdentifier>{d1cfd02c-b439-4386-b938-6b70758a2a6e}</UniqueIdentifier>
    </Filter>
  </ItemGroup>
</Project>